
Microsoft Visual Studio Solution File, Format Version 12.00
# Visual Studio 15
VisualStudioVersion = 15.0.28307.421
MinimumVisualStudioVersion = 10.0.40219.1
Project("{9A19103F-16F7-4668-BE54-9A1E7A4F7556}") = "MoviesCatalog.Web", "MoviesCatalog.Web\MoviesCatalog.Web.csproj", "{D07DBD50-C815-4BFC-A9EC-92B840C44A8E}"
EndProject
Project("{FAE04EC0-301F-11D3-BF4B-00C04F79EFBC}") = "MoviesCatalog.Services", "MoviesCatalog.Services\MoviesCatalog.Services.csproj", "{272D9337-2E1A-41BE-BB00-BBC027860E56}"
EndProject
Project("{FAE04EC0-301F-11D3-BF4B-00C04F79EFBC}") = "MoviesCatalog.Data", "MoviesCatalog.Data\MoviesCatalog.Data.csproj", "{0491A6F8-E8E1-40EB-83B6-DF3043130842}"
EndProject
Global
	GlobalSection(SolutionConfigurationPlatforms) = preSolution
		Debug|Any CPU = Debug|Any CPU
		Release|Any CPU = Release|Any CPU
	EndGlobalSection
	GlobalSection(ProjectConfigurationPlatforms) = postSolution
		{D07DBD50-C815-4BFC-A9EC-92B840C44A8E}.Debug|Any CPU.ActiveCfg = Debug|Any CPU
		{D07DBD50-C815-4BFC-A9EC-92B840C44A8E}.Debug|Any CPU.Build.0 = Debug|Any CPU
		{D07DBD50-C815-4BFC-A9EC-92B840C44A8E}.Release|Any CPU.ActiveCfg = Release|Any CPU
		{D07DBD50-C815-4BFC-A9EC-92B840C44A8E}.Release|Any CPU.Build.0 = Release|Any CPU
		{272D9337-2E1A-41BE-BB00-BBC027860E56}.Debug|Any CPU.ActiveCfg = Debug|Any CPU
		{272D9337-2E1A-41BE-BB00-BBC027860E56}.Debug|Any CPU.Build.0 = Debug|Any CPU
		{272D9337-2E1A-41BE-BB00-BBC027860E56}.Release|Any CPU.ActiveCfg = Release|Any CPU
		{272D9337-2E1A-41BE-BB00-BBC027860E56}.Release|Any CPU.Build.0 = Release|Any CPU
		{0491A6F8-E8E1-40EB-83B6-DF3043130842}.Debug|Any CPU.ActiveCfg = Debug|Any CPU
		{0491A6F8-E8E1-40EB-83B6-DF3043130842}.Debug|Any CPU.Build.0 = Debug|Any CPU
		{0491A6F8-E8E1-40EB-83B6-DF3043130842}.Release|Any CPU.ActiveCfg = Release|Any CPU
		{0491A6F8-E8E1-40EB-83B6-DF3043130842}.Release|Any CPU.Build.0 = Release|Any CPU
	EndGlobalSection
	GlobalSection(SolutionProperties) = preSolution
		HideSolutionNode = FALSE
	EndGlobalSection
	GlobalSection(ExtensibilityGlobals) = postSolution
		SolutionGuid = {4D45B05C-AC2B-4AFA-9B89-D0F8FED57863}
	EndGlobalSection
EndGlobal
